
Microsoft Visual Studio Solution File, Format Version 12.00
# Visual Studio Version 17
VisualStudioVersion = 17.5.33502.453
MinimumVisualStudioVersion = 10.0.40219.1
Project("{FAE04EC0-301F-11D3-BF4B-00C04F79EFBC}") = "Wallet", "Wallet.csproj", "{20448643-E048-4CEF-A49F-F5B21A9E83FD}"
EndProject
Global
	GlobalSection(SolutionConfigurationPlatforms) = preSolution
		Debug|Any CPU = Debug|Any CPU
		Release|Any CPU = Release|Any CPU
	EndGlobalSection
	GlobalSection(ProjectConfigurationPlatforms) = postSolution
		{20448643-E048-4CEF-A49F-F5B21A9E83FD}.Debug|Any CPU.ActiveCfg = Debug|Any CPU
		{20448643-E048-4CEF-A49F-F5B21A9E83FD}.Debug|Any CPU.Build.0 = Debug|Any CPU
		{20448643-E048-4CEF-A49F-F5B21A9E83FD}.Release|Any CPU.ActiveCfg = Release|Any CPU
		{20448643-E048-4CEF-A49F-F5B21A9E83FD}.Release|Any CPU.Build.0 = Release|Any CPU
	EndGlobalSection
	GlobalSection(SolutionProperties) = preSolution
		HideSolutionNode = FALSE
	EndGlobalSection
	GlobalSection(ExtensibilityGlobals) = postSolution
		SolutionGuid = {55277D55-873C-40B3-BE80-F60264DD4EB2}
	EndGlobalSection
EndGlobal
